
Microsoft Visual Studio Solution File, Format Version 12.00
# Visual Studio 14
VisualStudioVersion = 14.0.25420.1
MinimumVisualStudioVersion = 10.0.40219.1
Project("{8BC9CEB8-8B4A-11D0-8D11-00A0C91BC942}") = "UnityLauncher-Qt", "UnityLauncher-Qt\UnityLauncher-Qt.vcxproj", "{B12702AD-ABFB-343A-A199-8E24837244A3}"
EndProject
Project("{8BC9CEB8-8B4A-11D0-8D11-00A0C91BC942}") = "UnityLauncherCore", "UnityLauncherCore\UnityLauncherCore.vcxproj", "{1FC074D6-A59D-431F-A1DF-CDCA0D20BC09}"
EndProject
Project("{8BC9CEB8-8B4A-11D0-8D11-00A0C91BC942}") = "UnityLauncherTest", "UnityLauncherTest\UnityLauncherTest.vcxproj", "{A187A8E5-4AFE-4B57-8E87-B227B5BBC612}"
EndProject
Global
	GlobalSection(SolutionConfigurationPlatforms) = preSolution
		Debug|x64 = Debug|x64
		Release|x64 = Release|x64
	EndGlobalSection
	GlobalSection(ProjectConfigurationPlatforms) = postSolution
		{B12702AD-ABFB-343A-A199-8E24837244A3}.Debug|x64.ActiveCfg = Debug|x64
		{B12702AD-ABFB-343A-A199-8E24837244A3}.Debug|x64.Build.0 = Debug|x64
		{B12702AD-ABFB-343A-A199-8E24837244A3}.Release|x64.ActiveCfg = Release|x64
		{B12702AD-ABFB-343A-A199-8E24837244A3}.Release|x64.Build.0 = Release|x64
		{1FC074D6-A59D-431F-A1DF-CDCA0D20BC09}.Debug|x64.ActiveCfg = Debug|x64
		{1FC074D6-A59D-431F-A1DF-CDCA0D20BC09}.Debug|x64.Build.0 = Debug|x64
		{1FC074D6-A59D-431F-A1DF-CDCA0D20BC09}.Release|x64.ActiveCfg = Release|x64
		{1FC074D6-A59D-431F-A1DF-CDCA0D20BC09}.Release|x64.Build.0 = Release|x64
		{A187A8E5-4AFE-4B57-8E87-B227B5BBC612}.Debug|x64.ActiveCfg = Debug|x64
		{A187A8E5-4AFE-4B57-8E87-B227B5BBC612}.Debug|x64.Build.0 = Debug|x64
		{A187A8E5-4AFE-4B57-8E87-B227B5BBC612}.Release|x64.ActiveCfg = Release|x64
		{A187A8E5-4AFE-4B57-8E87-B227B5BBC612}.Release|x64.Build.0 = Release|x64
	EndGlobalSection
	GlobalSection(SolutionProperties) = preSolution
		HideSolutionNode = FALSE
	EndGlobalSection
EndGlobal
